
Microsoft Visual Studio Solution File, Format Version 12.00
# Visual Studio Version 17
VisualStudioVersion = 17.14.36121.58 d17.14
MinimumVisualStudioVersion = 10.0.40219.1
Project("{FAE04EC0-301F-11D3-BF4B-00C04F79EFBC}") = "AboutMyEnvironment", "AboutMyEnvironment\AboutMyEnvironment.csproj", "{38E8B4DB-1BD1-4F61-8658-112944D33578}"
EndProject
Global
	GlobalSection(SolutionConfigurationPlatforms) = preSolution
		Debug|Any CPU = Debug|Any CPU
		Release|Any CPU = Release|Any CPU
	EndGlobalSection
	GlobalSection(ProjectConfigurationPlatforms) = postSolution
		{38E8B4DB-1BD1-4F61-8658-112944D33578}.Debug|Any CPU.ActiveCfg = Debug|Any CPU
		{38E8B4DB-1BD1-4F61-8658-112944D33578}.Debug|Any CPU.Build.0 = Debug|Any CPU
		{38E8B4DB-1BD1-4F61-8658-112944D33578}.Release|Any CPU.ActiveCfg = Release|Any CPU
		{38E8B4DB-1BD1-4F61-8658-112944D33578}.Release|Any CPU.Build.0 = Release|Any CPU
	EndGlobalSection
	GlobalSection(SolutionProperties) = preSolution
		HideSolutionNode = FALSE
	EndGlobalSection
	GlobalSection(ExtensibilityGlobals) = postSolution
		SolutionGuid = {F92A1BE8-391B-4F05-8288-81E4FD69D3EE}
	EndGlobalSection
EndGlobal
