
Microsoft Visual Studio Solution File, Format Version 12.00
# Visual Studio Version 17
VisualStudioVersion = 17.14.36121.58 d17.14
MinimumVisualStudioVersion = 10.0.40219.1
Project("{FAE04EC0-301F-11D3-BF4B-00C04F79EFBC}") = "HelloCS", "HelloCS\HelloCS.csproj", "{0DD147AB-AD60-4C91-9B87-98CD4650A6F6}"
EndProject
Global
	GlobalSection(SolutionConfigurationPlatforms) = preSolution
		Debug|Any CPU = Debug|Any CPU
		Release|Any CPU = Release|Any CPU
	EndGlobalSection
	GlobalSection(ProjectConfigurationPlatforms) = postSolution
		{0DD147AB-AD60-4C91-9B87-98CD4650A6F6}.Debug|Any CPU.ActiveCfg = Debug|Any CPU
		{0DD147AB-AD60-4C91-9B87-98CD4650A6F6}.Debug|Any CPU.Build.0 = Debug|Any CPU
		{0DD147AB-AD60-4C91-9B87-98CD4650A6F6}.Release|Any CPU.ActiveCfg = Release|Any CPU
		{0DD147AB-AD60-4C91-9B87-98CD4650A6F6}.Release|Any CPU.Build.0 = Release|Any CPU
	EndGlobalSection
	GlobalSection(SolutionProperties) = preSolution
		HideSolutionNode = FALSE
	EndGlobalSection
	GlobalSection(ExtensibilityGlobals) = postSolution
		SolutionGuid = {95FEBBBF-5F49-4315-8079-A235AF35475F}
	EndGlobalSection
EndGlobal
